PODS:
  - Ads-Global (8.1.1.1):
    - Ads-Global/BUAdSDK (= 8.1.1.1)
  - Ads-Global/BUAdSDK (8.1.1.1):
    - Ads-Global/PangleSDK
    - Ads-Global/TikTokBusinessSDK
  - Ads-Global/PangleSDK (8.1.1.1)
  - Ads-Global/TikTokBusinessSDK (8.1.1.1)
  - AppLovinSDK (13.5.1)
  - CubeXKit (1.2.2)
  - CuBidKit (1.3.2)
  - Google-Mobile-Ads-SDK (13.5.0):
    - GoogleUserMessagingPlatform (>= 1.1)
  - GoogleMobileAdsMediationAppLovin (13.5.1.0):
    - AppLovinSDK (= 13.5.1)
    - Google-Mobile-Ads-SDK (~> 13.0)
  - GoogleMobileAdsMediationPangle (8.1.1.1.0):
    - Ads-Global (= 8.1.1.1)
    - Google-Mobile-Ads-SDK (~> 13.3)
  - GoogleUserMessagingPlatform (3.1.0)
  - UAdKit (2.6.2):
    - Google-Mobile-Ads-SDK (< 13.5.4, >= 12.4.0)
  - UALKit/Adapters/Admob (1.0.2):
    - GoogleMobileAdsMediationAppLovin (< 13.5.4.0, >= 13.1.0)
    - UALKit/Core
  - UALKit/Core (1.0.2):
    - AppLovinSDK (< 13.5.4, >= 13.1.0)
  - UPanKit/Adapters/Admob (1.6.2):
    - GoogleMobileAdsMediationPangle (< 8.1.1.1.1, >= 7.9.0.8.0)
    - UPanKit/Core
  - UPanKit/Core (1.6.2):
    - Ads-Global (< 8.1.1.2, >= 7.9.0.8)

DEPENDENCIES:
  - CubeXKit (= 1.2.2)
  - CuBidKit (= 1.3.2)
  - UAdKit (= 2.6.2)
  - UALKit/Adapters/Admob (= 1.0.2)
  - UPanKit/Adapters/Admob (= 1.6.2)

SPEC REPOS:
  trunk:
    - Ads-Global
    - AppLovinSDK
    - CubeXKit
    - CuBidKit
    - Google-Mobile-Ads-SDK
    - GoogleMobileAdsMediationAppLovin
    - GoogleMobileAdsMediationPangle
    - GoogleUserMessagingPlatform
    - UAdKit
    - UALKit
    - UPanKit

SPEC CHECKSUMS:
  Ads-Global: f3a8c8b16fcae04034db897b09f01948dd0178e4
  AppLovinSDK: 8d9af6c7617e4d35b38aa8393a3e9d161a74b230
  CubeXKit: ffc0f4de87e519021b3ca59b5e5b04a9cb40eeef
  CuBidKit: 33c7c020de088d425ed3204755b3c47b7b464118
  Google-Mobile-Ads-SDK: 2171620c6497804b57dc88b95644cc82e7dfb5b0
  GoogleMobileAdsMediationAppLovin: 9171fc8a9cdd41d5db75e4bccc30dd72b6a5c99f
  GoogleMobileAdsMediationPangle: 948ca72e4159d5b7026bba40a3249b35f6a73dc2
  GoogleUserMessagingPlatform: befe603da6501006420c206222acd449bba45a9c
  UAdKit: 4fa4af7fbb4ceb7f9f810241615a51ce89b6d2e5
  UALKit: f8ed45af9f50eb4bdba1fb5dddb7467fc41ba587
  UPanKit: e7b21f81cc53f9d5fc1b0fea2e6a19ce75477892

PODFILE CHECKSUM: c7ab634c8b763c174779398d9d5d4a00b3ea4a7f

COCOAPODS: 1.16.2
