PODS:
  - Ads-Global (7.4.0.7):
    - Ads-Global/BUAdSDK (= 7.4.0.7)
  - Ads-Global/BUAdSDK (7.4.0.7)
  - CubeXKit (1.0.2)
  - CuBidKit (1.0.2)
  - Google-Mobile-Ads-SDK (12.6.0):
    - GoogleUserMessagingPlatform (>= 1.1)
  - GoogleMobileAdsMediationPangle (7.4.0.7.0):
    - Ads-Global (= 7.4.0.7)
    - Google-Mobile-Ads-SDK (~> 12.0)
  - GoogleUserMessagingPlatform (3.1.0)
  - UAdKit (2.0.2):
    - Google-Mobile-Ads-SDK (< 12.7.0, >= 12.2.0)
    - GoogleMobileAdsMediationPangle (< 7.4.0.8.0, >= 6.4.1.2.1)
  - UPanKit (1.0.2):
    - Ads-Global (< 7.4.0.8, >= 6.4.1.2)

DEPENDENCIES:
  - CubeXKit (= 1.0.2)
  - CuBidKit (= 1.0.2)
  - UAdKit (= 2.0.2)
  - UPanKit (= 1.0.2)

SPEC REPOS:
  https://github.com/CocoaPods/Specs.git:
    - Ads-Global
    - CubeXKit
    - CuBidKit
    - Google-Mobile-Ads-SDK
    - GoogleMobileAdsMediationPangle
    - GoogleUserMessagingPlatform
    - UAdKit
    - UPanKit

SPEC CHECKSUMS:
  Ads-Global: a7e735b3f366f0ded0042fe919ca95dd1f11fd30
  CubeXKit: 101ec85ea98ba8a746476c43637fd29d99b72024
  CuBidKit: f1ac79510da67562ec9dff9e68d32da4fe44515d
  Google-Mobile-Ads-SDK: 198db3cfaaafdacf4ebfa273944c844792d483d1
  GoogleMobileAdsMediationPangle: 2f212a58b53625c522bf4caba0e7d80699e6c0b0
  GoogleUserMessagingPlatform: befe603da6501006420c206222acd449bba45a9c
  UAdKit: 9b29213c1456e504987ef0c39ef96e8cb99fcb16
  UPanKit: 2f888c52599c4d9950bc374e598ee94a842ce078

PODFILE CHECKSUM: 9c0f3a601ec55eab344b5e5f75986287a1deb633

COCOAPODS: 1.16.2
