// !$*UTF8*$!
{
	archiveVersion = 1;
	classes = {
	};
	objectVersion = 77;
	objects = {

/* Begin PBXBuildFile section */
		20AFA0DF6461597C92641928 /* Pods_CuBidSDKSampleTests.framework in Frameworks */ = {isa = PBXBuildFile; fileRef = 9F3A222075BF33FB099F6699 /* Pods_CuBidSDKSampleTests.framework */; };
		592207C83041D080000D10E5 /* CubeXKit in Frameworks */ = {isa = PBXBuildFile; productRef = 592207C73041D080000D10E5 /* CubeXKit */; };
		5953C24A30453080003B9E40 /* Admob-Mediation-Applovin in Frameworks */ = {isa = PBXBuildFile; productRef = 5953C24930453080003B9E40 /* Admob-Mediation-Applovin */; };
		5953C24C30453080003B9E40 /* UALKit in Frameworks */ = {isa = PBXBuildFile; productRef = 5953C24B30453080003B9E40 /* UALKit */; };
		59B7CAB330453B920085262D /* UAdKit in Frameworks */ = {isa = PBXBuildFile; productRef = 59B7CAB230453B920085262D /* UAdKit */; };
		59B7CAB630453BBF0085262D /* CubeXKit in Frameworks */ = {isa = PBXBuildFile; productRef = 59B7CAB530453BBF0085262D /* CubeXKit */; };
		59B7CAB930453BEC0085262D /* Admob-Mediation-Pangle in Frameworks */ = {isa = PBXBuildFile; productRef = 59B7CAB830453BEC0085262D /* Admob-Mediation-Pangle */; };
		59B7CABB30453BEC0085262D /* UPanKit in Frameworks */ = {isa = PBXBuildFile; productRef = 59B7CABA30453BEC0085262D /* UPanKit */; };
		59B7CABE30453C8C0085262D /* Admob-Mediation-Applovin in Frameworks */ = {isa = PBXBuildFile; productRef = 59B7CABD30453C8C0085262D /* Admob-Mediation-Applovin */; };
		59B7CAC030453C8C0085262D /* UALKit in Frameworks */ = {isa = PBXBuildFile; productRef = 59B7CABF30453C8C0085262D /* UALKit */; };
		59B7CAC330453D280085262D /* CuBidKit in Frameworks */ = {isa = PBXBuildFile; productRef = 59B7CAC230453D280085262D /* CuBidKit */; };
		59CF352D304532940059BD36 /* Admob-Mediation-Applovin in Frameworks */ = {isa = PBXBuildFile; productRef = 59CF352C304532940059BD36 /* Admob-Mediation-Applovin */; };
		59CF352F304532940059BD36 /* UALKit in Frameworks */ = {isa = PBXBuildFile; productRef = 59CF352E304532940059BD36 /* UALKit */; };
		59CF3532304532AB0059BD36 /* CuBidKit in Frameworks */ = {isa = PBXBuildFile; productRef = 59CF3531304532AB0059BD36 /* CuBidKit */; };
		59CF3535304532C00059BD36 /* UAdKit in Frameworks */ = {isa = PBXBuildFile; productRef = 59CF3534304532C00059BD36 /* UAdKit */; };
		59CF3538304532DC0059BD36 /* Admob-Mediation-Pangle in Frameworks */ = {isa = PBXBuildFile; productRef = 59CF3537304532DC0059BD36 /* Admob-Mediation-Pangle */; };
		59CF353A304532DC0059BD36 /* UPanKit in Frameworks */ = {isa = PBXBuildFile; productRef = 59CF3539304532DC0059BD36 /* UPanKit */; };
		59FFD3A73041D47B00C89323 /* CuBidKit in Frameworks */ = {isa = PBXBuildFile; productRef = 59FFD3A63041D47B00C89323 /* CuBidKit */; };
		59FFD3AA3041D5FE00C89323 /* Admob-Mediation-Pangle in Frameworks */ = {isa = PBXBuildFile; productRef = 59FFD3A93041D5FE00C89323 /* Admob-Mediation-Pangle */; };
		59FFD3AC3041D5FE00C89323 /* UPanKit in Frameworks */ = {isa = PBXBuildFile; productRef = 59FFD3AB3041D5FE00C89323 /* UPanKit */; };
		59FFD3AF3041D61E00C89323 /* UAdKit in Frameworks */ = {isa = PBXBuildFile; productRef = 59FFD3AE3041D61E00C89323 /* UAdKit */; };
		59FFD3B23041D63C00C89323 /* Admob-Mediation-Applovin in Frameworks */ = {isa = PBXBuildFile; productRef = 59FFD3B13041D63C00C89323 /* Admob-Mediation-Applovin */; };
		59FFD3B43041D63C00C89323 /* UALKit in Frameworks */ = {isa = PBXBuildFile; productRef = 59FFD3B33041D63C00C89323 /* UALKit */; };
		A06D577A7C7294E435553BAC /* Pods_CuBidSDKSample_CuBidSDKSampleUITests.framework in Frameworks */ = {isa = PBXBuildFile; fileRef = 9EB354147C776D317751255D /* Pods_CuBidSDKSample_CuBidSDKSampleUITests.framework */; };
		C30BD154DE97BEBB58E1399A /* Pods_CuBidSDKSample.framework in Frameworks */ = {isa = PBXBuildFile; fileRef = C6AE6D1A84A1474B49148F54 /* Pods_CuBidSDKSample.framework */; };
/* End PBXBuildFile section */

/* Begin PBXContainerItemProxy section */
		594E7EF92E853A5800765686 /* PBXContainerItemProxy */ = {
			isa = PBXContainerItemProxy;
			containerPortal = 594E7EDA2E853A5700765686 /* Project object */;
			proxyType = 1;
			remoteGlobalIDString = 594E7EE12E853A5700765686;
			remoteInfo = CuBidSDKSample;
		};
		594E7F032E853A5800765686 /* PBXContainerItemProxy */ = {
			isa = PBXContainerItemProxy;
			containerPortal = 594E7EDA2E853A5700765686 /* Project object */;
			proxyType = 1;
			remoteGlobalIDString = 594E7EE12E853A5700765686;
			remoteInfo = CuBidSDKSample;
		};
/* End PBXContainerItemProxy section */

/* Begin PBXFileReference section */
		594E7EE22E853A5700765686 /* CuBidSDKSample.app */ = {isa = PBXFileReference; explicitFileType = wrapper.application; includeInIndex = 0; path = CuBidSDKSample.app; sourceTree = BUILT_PRODUCTS_DIR; };
		594E7EF82E853A5800765686 /* CuBidSDKSampleTests.xctest */ = {isa = PBXFileReference; explicitFileType = wrapper.cfbundle; includeInIndex = 0; path = CuBidSDKSampleTests.xctest; sourceTree = BUILT_PRODUCTS_DIR; };
		594E7F022E853A5800765686 /* CuBidSDKSampleUITests.xctest */ = {isa = PBXFileReference; explicitFileType = wrapper.cfbundle; includeInIndex = 0; path = CuBidSDKSampleUITests.xctest; sourceTree = BUILT_PRODUCTS_DIR; };
		59B489842EBF498B0076B7B8 /* PAGAdSDK.xcframework */ = {isa = PBXFileReference; expectedSignature = "AppleDeveloperProgram:22MMUN2RN5:BYTEDANCE PTE. LTD."; lastKnownFileType = wrapper.xcframework; name = PAGAdSDK.xcframework; path = "Pods/Ads-Global/SDK/PAGAdSDK.xcframework"; sourceTree = "<group>"; };
		59BE564E2EA7879F0040E699 /* CubeXKit.framework */ = {isa = PBXFileReference; explicitFileType = wrapper.framework; path = CubeXKit.framework; sourceTree = BUILT_PRODUCTS_DIR; };
		59BE56512EA787A90040E699 /* UAdKit.framework */ = {isa = PBXFileReference; explicitFileType = wrapper.framework; path = UAdKit.framework; sourceTree = BUILT_PRODUCTS_DIR; };
		59BE56552EA787BA0040E699 /* CubeXKit.framework */ = {isa = PBXFileReference; explicitFileType = wrapper.framework; path = CubeXKit.framework; sourceTree = BUILT_PRODUCTS_DIR; };
		59D6F61A2EBF397100A53409 /* UAdKit.framework */ = {isa = PBXFileReference; explicitFileType = wrapper.framework; path = UAdKit.framework; sourceTree = BUILT_PRODUCTS_DIR; };
		59D6F6262EBF3F9400A53409 /* UAdKit.framework */ = {isa = PBXFileReference; explicitFileType = wrapper.framework; path = UAdKit.framework; sourceTree = BUILT_PRODUCTS_DIR; };
		59D6F6292EBF3FA700A53409 /* UPanKit.framework */ = {isa = PBXFileReference; explicitFileType = wrapper.framework; path = UPanKit.framework; sourceTree = BUILT_PRODUCTS_DIR; };
		59E017D72EB9EFF600CE696D /* UPanKit.framework */ = {isa = PBXFileReference; explicitFileType = wrapper.framework; path = UPanKit.framework; sourceTree = BUILT_PRODUCTS_DIR; };
		59E02C692EBC287800CE696D /* CuBidKit.framework */ = {isa = PBXFileReference; explicitFileType = wrapper.framework; path = CuBidKit.framework; sourceTree = BUILT_PRODUCTS_DIR; };
		5E88465EF0683829A9C28B11 /* Pods-CuBidSDKSample-CuBidSDKSampleUITests.debug.xcconfig */ = {isa = PBXFileReference; includeInIndex = 1; lastKnownFileType = text.xcconfig; name = "Pods-CuBidSDKSample-CuBidSDKSampleUITests.debug.xcconfig"; path = "Target Support Files/Pods-CuBidSDKSample-CuBidSDKSampleUITests/Pods-CuBidSDKSample-CuBidSDKSampleUITests.debug.xcconfig"; sourceTree = "<group>"; };
		6EAD188DE2CFB37894B66199 /* Pods-CuBidSDKSample.release.xcconfig */ = {isa = PBXFileReference; includeInIndex = 1; lastKnownFileType = text.xcconfig; name = "Pods-CuBidSDKSample.release.xcconfig"; path = "Target Support Files/Pods-CuBidSDKSample/Pods-CuBidSDKSample.release.xcconfig"; sourceTree = "<group>"; };
		9EB354147C776D317751255D /* Pods_CuBidSDKSample_CuBidSDKSampleUITests.framework */ = {isa = PBXFileReference; explicitFileType = wrapper.framework; includeInIndex = 0; path = Pods_CuBidSDKSample_CuBidSDKSampleUITests.framework; sourceTree = BUILT_PRODUCTS_DIR; };
		9F3A222075BF33FB099F6699 /* Pods_CuBidSDKSampleTests.framework */ = {isa = PBXFileReference; explicitFileType = wrapper.framework; includeInIndex = 0; path = Pods_CuBidSDKSampleTests.framework; sourceTree = BUILT_PRODUCTS_DIR; };
		C6AE6D1A84A1474B49148F54 /* Pods_CuBidSDKSample.framework */ = {isa = PBXFileReference; explicitFileType = wrapper.framework; includeInIndex = 0; path = Pods_CuBidSDKSample.framework; sourceTree = BUILT_PRODUCTS_DIR; };
		C845649D520C84699158EE5B /* Pods-CuBidSDKSampleTests.debug.xcconfig */ = {isa = PBXFileReference; includeInIndex = 1; lastKnownFileType = text.xcconfig; name = "Pods-CuBidSDKSampleTests.debug.xcconfig"; path = "Target Support Files/Pods-CuBidSDKSampleTests/Pods-CuBidSDKSampleTests.debug.xcconfig"; sourceTree = "<group>"; };
		CBE77D21CC5F2CF71151D0A9 /* Pods-CuBidSDKSample.debug.xcconfig */ = {isa = PBXFileReference; includeInIndex = 1; lastKnownFileType = text.xcconfig; name = "Pods-CuBidSDKSample.debug.xcconfig"; path = "Target Support Files/Pods-CuBidSDKSample/Pods-CuBidSDKSample.debug.xcconfig"; sourceTree = "<group>"; };
		F617BD156EA0330A7182AC2C /* Pods-CuBidSDKSample-CuBidSDKSampleUITests.release.xcconfig */ = {isa = PBXFileReference; includeInIndex = 1; lastKnownFileType = text.xcconfig; name = "Pods-CuBidSDKSample-CuBidSDKSampleUITests.release.xcconfig"; path = "Target Support Files/Pods-CuBidSDKSample-CuBidSDKSampleUITests/Pods-CuBidSDKSample-CuBidSDKSampleUITests.release.xcconfig"; sourceTree = "<group>"; };
		F974E579BD8C9005A626EF90 /* Pods-CuBidSDKSampleTests.release.xcconfig */ = {isa = PBXFileReference; includeInIndex = 1; lastKnownFileType = text.xcconfig; name = "Pods-CuBidSDKSampleTests.release.xcconfig"; path = "Target Support Files/Pods-CuBidSDKSampleTests/Pods-CuBidSDKSampleTests.release.xcconfig"; sourceTree = "<group>"; };
/* End PBXFileReference section */

/* Begin PBXFileSystemSynchronizedBuildFileExceptionSet section */
		594E7F0A2E853A5800765686 /* Exceptions for "CuBidSDKSample" folder in "CuBidSDKSample" target */ = {
			isa = PBXFileSystemSynchronizedBuildFileExceptionSet;
			membershipExceptions = (
				Info.plist,
			);
			target = 594E7EE12E853A5700765686 /* CuBidSDKSample */;
		};
/* End PBXFileSystemSynchronizedBuildFileExceptionSet section */

/* Begin PBXFileSystemSynchronizedRootGroup section */
		594E7EE42E853A5700765686 /* CuBidSDKSample */ = {
			isa = PBXFileSystemSynchronizedRootGroup;
			exceptions = (
				594E7F0A2E853A5800765686 /* Exceptions for "CuBidSDKSample" folder in "CuBidSDKSample" target */,
			);
			path = CuBidSDKSample;
			sourceTree = "<group>";
		};
		594E7EFB2E853A5800765686 /* CuBidSDKSampleTests */ = {
			isa = PBXFileSystemSynchronizedRootGroup;
			exceptions = (
			);
			path = CuBidSDKSampleTests;
			sourceTree = "<group>";
		};
		594E7F052E853A5800765686 /* CuBidSDKSampleUITests */ = {
			isa = PBXFileSystemSynchronizedRootGroup;
			exceptions = (
			);
			path = CuBidSDKSampleUITests;
			sourceTree = "<group>";
		};
/* End PBXFileSystemSynchronizedRootGroup section */

/* Begin PBXFrameworksBuildPhase section */
		594E7EDF2E853A5700765686 /* Frameworks */ = {
			isa = PBXFrameworksBuildPhase;
			buildActionMask = 2147483647;
			files = (
				59CF3535304532C00059BD36 /* UAdKit in Frameworks */,
				59B7CAB630453BBF0085262D /* CubeXKit in Frameworks */,
				5953C24A30453080003B9E40 /* Admob-Mediation-Applovin in Frameworks */,
				59FFD3B23041D63C00C89323 /* Admob-Mediation-Applovin in Frameworks */,
				59FFD3AF3041D61E00C89323 /* UAdKit in Frameworks */,
				59CF352F304532940059BD36 /* UALKit in Frameworks */,
				592207C83041D080000D10E5 /* CubeXKit in Frameworks */,
				59CF3538304532DC0059BD36 /* Admob-Mediation-Pangle in Frameworks */,
				59FFD3B43041D63C00C89323 /* UALKit in Frameworks */,
				59B7CAC330453D280085262D /* CuBidKit in Frameworks */,
				59B7CAB330453B920085262D /* UAdKit in Frameworks */,
				59B7CAC030453C8C0085262D /* UALKit in Frameworks */,
				59B7CAB930453BEC0085262D /* Admob-Mediation-Pangle in Frameworks */,
				59FFD3AA3041D5FE00C89323 /* Admob-Mediation-Pangle in Frameworks */,
				59CF3532304532AB0059BD36 /* CuBidKit in Frameworks */,
				59CF352D304532940059BD36 /* Admob-Mediation-Applovin in Frameworks */,
				59FFD3A73041D47B00C89323 /* CuBidKit in Frameworks */,
				59B7CABB30453BEC0085262D /* UPanKit in Frameworks */,
				59B7CABE30453C8C0085262D /* Admob-Mediation-Applovin in Frameworks */,
				59CF353A304532DC0059BD36 /* UPanKit in Frameworks */,
				5953C24C30453080003B9E40 /* UALKit in Frameworks */,
				59FFD3AC3041D5FE00C89323 /* UPanKit in Frameworks */,
				C30BD154DE97BEBB58E1399A /* Pods_CuBidSDKSample.framework in Frameworks */,
			);
			runOnlyForDeploymentPostprocessing = 0;
		};
		594E7EF52E853A5800765686 /* Frameworks */ = {
			isa = PBXFrameworksBuildPhase;
			buildActionMask = 2147483647;
			files = (
				20AFA0DF6461597C92641928 /* Pods_CuBidSDKSampleTests.framework in Frameworks */,
			);
			runOnlyForDeploymentPostprocessing = 0;
		};
		594E7EFF2E853A5800765686 /* Frameworks */ = {
			isa = PBXFrameworksBuildPhase;
			buildActionMask = 2147483647;
			files = (
				A06D577A7C7294E435553BAC /* Pods_CuBidSDKSample_CuBidSDKSampleUITests.framework in Frameworks */,
			);
			runOnlyForDeploymentPostprocessing = 0;
		};
/* End PBXFrameworksBuildPhase section */

/* Begin PBXGroup section */
		279F240F9DB3AA89D78746B4 /* Frameworks */ = {
			isa = PBXGroup;
			children = (
				59B489842EBF498B0076B7B8 /* PAGAdSDK.xcframework */,
				59D6F6292EBF3FA700A53409 /* UPanKit.framework */,
				59D6F6262EBF3F9400A53409 /* UAdKit.framework */,
				59D6F61A2EBF397100A53409 /* UAdKit.framework */,
				59E02C692EBC287800CE696D /* CuBidKit.framework */,
				59E017D72EB9EFF600CE696D /* UPanKit.framework */,
				59BE56552EA787BA0040E699 /* CubeXKit.framework */,
				59BE56512EA787A90040E699 /* UAdKit.framework */,
				59BE564E2EA7879F0040E699 /* CubeXKit.framework */,
				C6AE6D1A84A1474B49148F54 /* Pods_CuBidSDKSample.framework */,
				9EB354147C776D317751255D /* Pods_CuBidSDKSample_CuBidSDKSampleUITests.framework */,
				9F3A222075BF33FB099F6699 /* Pods_CuBidSDKSampleTests.framework */,
			);
			name = Frameworks;
			sourceTree = "<group>";
		};
		594E7ED92E853A5700765686 = {
			isa = PBXGroup;
			children = (
				594E7EE42E853A5700765686 /* CuBidSDKSample */,
				594E7EFB2E853A5800765686 /* CuBidSDKSampleTests */,
				594E7F052E853A5800765686 /* CuBidSDKSampleUITests */,
				594E7EE32E853A5700765686 /* Products */,
				279F240F9DB3AA89D78746B4 /* Frameworks */,
				DB0AFDE132922589D5074CD0 /* Pods */,
			);
			sourceTree = "<group>";
		};
		594E7EE32E853A5700765686 /* Products */ = {
			isa = PBXGroup;
			children = (
				594E7EE22E853A5700765686 /* CuBidSDKSample.app */,
				594E7EF82E853A5800765686 /* CuBidSDKSampleTests.xctest */,
				594E7F022E853A5800765686 /* CuBidSDKSampleUITests.xctest */,
			);
			name = Products;
			sourceTree = "<group>";
		};
		DB0AFDE132922589D5074CD0 /* Pods */ = {
			isa = PBXGroup;
			children = (
				CBE77D21CC5F2CF71151D0A9 /* Pods-CuBidSDKSample.debug.xcconfig */,
				6EAD188DE2CFB37894B66199 /* Pods-CuBidSDKSample.release.xcconfig */,
				5E88465EF0683829A9C28B11 /* Pods-CuBidSDKSample-CuBidSDKSampleUITests.debug.xcconfig */,
				F617BD156EA0330A7182AC2C /* Pods-CuBidSDKSample-CuBidSDKSampleUITests.release.xcconfig */,
				C845649D520C84699158EE5B /* Pods-CuBidSDKSampleTests.debug.xcconfig */,
				F974E579BD8C9005A626EF90 /* Pods-CuBidSDKSampleTests.release.xcconfig */,
			);
			name = Pods;
			path = Pods;
			sourceTree = "<group>";
		};
/* End PBXGroup section */

/* Begin PBXNativeTarget section */
		594E7EE12E853A5700765686 /* CuBidSDKSample */ = {
			isa = PBXNativeTarget;
			buildConfigurationList = 594E7F0B2E853A5800765686 /* Build configuration list for PBXNativeTarget "CuBidSDKSample" */;
			buildPhases = (
				4A7F21FDC5DA9F68E0BB8F08 /* [CP] Check Pods Manifest.lock */,
				594E7EDE2E853A5700765686 /* Sources */,
				594E7EDF2E853A5700765686 /* Frameworks */,
				594E7EE02E853A5700765686 /* Resources */,
				74EAD64ADEFFDD85874AA77E /* [CP] Embed Pods Frameworks */,
				233071A1D90175AC5B990D78 /* [CP] Copy Pods Resources */,
			);
			buildRules = (
			);
			dependencies = (
			);
			fileSystemSynchronizedGroups = (
				594E7EE42E853A5700765686 /* CuBidSDKSample */,
			);
			name = CuBidSDKSample;
			productName = CuBidSDKSample;
			productReference = 594E7EE22E853A5700765686 /* CuBidSDKSample.app */;
			productType = "com.apple.product-type.application";
		};
		594E7EF72E853A5800765686 /* CuBidSDKSampleTests */ = {
			isa = PBXNativeTarget;
			buildConfigurationList = 594E7F102E853A5800765686 /* Build configuration list for PBXNativeTarget "CuBidSDKSampleTests" */;
			buildPhases = (
				E7666E2D3CCDAF7657239829 /* [CP] Check Pods Manifest.lock */,
				594E7EF42E853A5800765686 /* Sources */,
				594E7EF52E853A5800765686 /* Frameworks */,
				594E7EF62E853A5800765686 /* Resources */,
			);
			buildRules = (
			);
			dependencies = (
				594E7EFA2E853A5800765686 /* PBXTargetDependency */,
			);
			fileSystemSynchronizedGroups = (
				594E7EFB2E853A5800765686 /* CuBidSDKSampleTests */,
			);
			name = CuBidSDKSampleTests;
			productName = CuBidSDKSampleTests;
			productReference = 594E7EF82E853A5800765686 /* CuBidSDKSampleTests.xctest */;
			productType = "com.apple.product-type.bundle.unit-test";
		};
		594E7F012E853A5800765686 /* CuBidSDKSampleUITests */ = {
			isa = PBXNativeTarget;
			buildConfigurationList = 594E7F132E853A5800765686 /* Build configuration list for PBXNativeTarget "CuBidSDKSampleUITests" */;
			buildPhases = (
				B9472556695805E0917E85FB /* [CP] Check Pods Manifest.lock */,
				594E7EFE2E853A5800765686 /* Sources */,
				594E7EFF2E853A5800765686 /* Frameworks */,
				594E7F002E853A5800765686 /* Resources */,
				EE47AF59AD32AF547A10BE63 /* [CP] Embed Pods Frameworks */,
				A8BF2EA6187CB3A17D045527 /* [CP] Copy Pods Resources */,
			);
			buildRules = (
			);
			dependencies = (
				594E7F042E853A5800765686 /* PBXTargetDependency */,
			);
			fileSystemSynchronizedGroups = (
				594E7F052E853A5800765686 /* CuBidSDKSampleUITests */,
			);
			name = CuBidSDKSampleUITests;
			productName = CuBidSDKSampleUITests;
			productReference = 594E7F022E853A5800765686 /* CuBidSDKSampleUITests.xctest */;
			productType = "com.apple.product-type.bundle.ui-testing";
		};
/* End PBXNativeTarget section */

/* Begin PBXProject section */
		594E7EDA2E853A5700765686 /* Project object */ = {
			isa = PBXProject;
			attributes = {
				BuildIndependentTargetsInParallel = 1;
				LastSwiftUpdateCheck = 1620;
				LastUpgradeCheck = 1620;
				TargetAttributes = {
					594E7EE12E853A5700765686 = {
						CreatedOnToolsVersion = 16.2;
					};
					594E7EF72E853A5800765686 = {
						CreatedOnToolsVersion = 16.2;
						TestTargetID = 594E7EE12E853A5700765686;
					};
					594E7F012E853A5800765686 = {
						CreatedOnToolsVersion = 16.2;
						TestTargetID = 594E7EE12E853A5700765686;
					};
				};
			};
			buildConfigurationList = 594E7EDD2E853A5700765686 /* Build configuration list for PBXProject "CuBidSDKSample" */;
			developmentRegion = en;
			hasScannedForEncodings = 0;
			knownRegions = (
				en,
				Base,
			);
			mainGroup = 594E7ED92E853A5700765686;
			minimizedProjectReferenceProxies = 1;
			preferredProjectObjectVersion = 77;
			productRefGroup = 594E7EE32E853A5700765686 /* Products */;
			projectDirPath = "";
			projectRoot = "";
			targets = (
				594E7EE12E853A5700765686 /* CuBidSDKSample */,
				594E7EF72E853A5800765686 /* CuBidSDKSampleTests */,
				594E7F012E853A5800765686 /* CuBidSDKSampleUITests */,
			);
		};
/* End PBXProject section */

/* Begin PBXResourcesBuildPhase section */
		594E7EE02E853A5700765686 /* Resources */ = {
			isa = PBXResourcesBuildPhase;
			buildActionMask = 2147483647;
			files = (
			);
			runOnlyForDeploymentPostprocessing = 0;
		};
		594E7EF62E853A5800765686 /* Resources */ = {
			isa = PBXResourcesBuildPhase;
			buildActionMask = 2147483647;
			files = (
			);
			runOnlyForDeploymentPostprocessing = 0;
		};
		594E7F002E853A5800765686 /* Resources */ = {
			isa = PBXResourcesBuildPhase;
			buildActionMask = 2147483647;
			files = (
			);
			runOnlyForDeploymentPostprocessing = 0;
		};
/* End PBXResourcesBuildPhase section */

/* Begin PBXShellScriptBuildPhase section */
		233071A1D90175AC5B990D78 /* [CP] Copy Pods Resources */ = {
			isa = PBXShellScriptBuildPhase;
			buildActionMask = 2147483647;
			files = (
			);
			inputFileListPaths = (
				"${PODS_ROOT}/Target Support Files/Pods-CuBidSDKSample/Pods-CuBidSDKSample-resources-${CONFIGURATION}-input-files.xcfilelist",
			);
			name = "[CP] Copy Pods Resources";
			outputFileListPaths = (
				"${PODS_ROOT}/Target Support Files/Pods-CuBidSDKSample/Pods-CuBidSDKSample-resources-${CONFIGURATION}-output-files.xcfilelist",
			);
			runOnlyForDeploymentPostprocessing = 0;
			shellPath = /bin/sh;
			shellScript = "\"${PODS_ROOT}/Target Support Files/Pods-CuBidSDKSample/Pods-CuBidSDKSample-resources.sh\"\n";
			showEnvVarsInLog = 0;
		};
		4A7F21FDC5DA9F68E0BB8F08 /* [CP] Check Pods Manifest.lock */ = {
			isa = PBXShellScriptBuildPhase;
			buildActionMask = 2147483647;
			files = (
			);
			inputFileListPaths = (
			);
			inputPaths = (
				"${PODS_PODFILE_DIR_PATH}/Podfile.lock",
				"${PODS_ROOT}/Manifest.lock",
			);
			name = "[CP] Check Pods Manifest.lock";
			outputFileListPaths = (
			);
			outputPaths = (
				"$(DERIVED_FILE_DIR)/Pods-CuBidSDKSample-checkManifestLockResult.txt",
			);
			runOnlyForDeploymentPostprocessing = 0;
			shellPath = /bin/sh;
			shellScript = "diff \"${PODS_PODFILE_DIR_PATH}/Podfile.lock\" \"${PODS_ROOT}/Manifest.lock\" > /dev/null\nif [ $? != 0 ] ; then\n    # print error to STDERR\n    echo \"error: The sandbox is not in sync with the Podfile.lock. Run 'pod install' or update your CocoaPods installation.\" >&2\n    exit 1\nfi\n# This output is used by Xcode 'outputs' to avoid re-running this script phase.\necho \"SUCCESS\" > \"${SCRIPT_OUTPUT_FILE_0}\"\n";
			showEnvVarsInLog = 0;
		};
		74EAD64ADEFFDD85874AA77E /* [CP] Embed Pods Frameworks */ = {
			isa = PBXShellScriptBuildPhase;
			buildActionMask = 2147483647;
			files = (
			);
			inputFileListPaths = (
				"${PODS_ROOT}/Target Support Files/Pods-CuBidSDKSample/Pods-CuBidSDKSample-frameworks-${CONFIGURATION}-input-files.xcfilelist",
			);
			name = "[CP] Embed Pods Frameworks";
			outputFileListPaths = (
				"${PODS_ROOT}/Target Support Files/Pods-CuBidSDKSample/Pods-CuBidSDKSample-frameworks-${CONFIGURATION}-output-files.xcfilelist",
			);
			runOnlyForDeploymentPostprocessing = 0;
			shellPath = /bin/sh;
			shellScript = "\"${PODS_ROOT}/Target Support Files/Pods-CuBidSDKSample/Pods-CuBidSDKSample-frameworks.sh\"\n";
			showEnvVarsInLog = 0;
		};
		A8BF2EA6187CB3A17D045527 /* [CP] Copy Pods Resources */ = {
			isa = PBXShellScriptBuildPhase;
			buildActionMask = 2147483647;
			files = (
			);
			inputFileListPaths = (
				"${PODS_ROOT}/Target Support Files/Pods-CuBidSDKSample-CuBidSDKSampleUITests/Pods-CuBidSDKSample-CuBidSDKSampleUITests-resources-${CONFIGURATION}-input-files.xcfilelist",
			);
			name = "[CP] Copy Pods Resources";
			outputFileListPaths = (
				"${PODS_ROOT}/Target Support Files/Pods-CuBidSDKSample-CuBidSDKSampleUITests/Pods-CuBidSDKSample-CuBidSDKSampleUITests-resources-${CONFIGURATION}-output-files.xcfilelist",
			);
			runOnlyForDeploymentPostprocessing = 0;
			shellPath = /bin/sh;
			shellScript = "\"${PODS_ROOT}/Target Support Files/Pods-CuBidSDKSample-CuBidSDKSampleUITests/Pods-CuBidSDKSample-CuBidSDKSampleUITests-resources.sh\"\n";
			showEnvVarsInLog = 0;
		};
		B9472556695805E0917E85FB /* [CP] Check Pods Manifest.lock */ = {
			isa = PBXShellScriptBuildPhase;
			buildActionMask = 2147483647;
			files = (
			);
			inputFileListPaths = (
			);
			inputPaths = (
				"${PODS_PODFILE_DIR_PATH}/Podfile.lock",
				"${PODS_ROOT}/Manifest.lock",
			);
			name = "[CP] Check Pods Manifest.lock";
			outputFileListPaths = (
			);
			outputPaths = (
				"$(DERIVED_FILE_DIR)/Pods-CuBidSDKSample-CuBidSDKSampleUITests-checkManifestLockResult.txt",
			);
			runOnlyForDeploymentPostprocessing = 0;
			shellPath = /bin/sh;
			shellScript = "diff \"${PODS_PODFILE_DIR_PATH}/Podfile.lock\" \"${PODS_ROOT}/Manifest.lock\" > /dev/null\nif [ $? != 0 ] ; then\n    # print error to STDERR\n    echo \"error: The sandbox is not in sync with the Podfile.lock. Run 'pod install' or update your CocoaPods installation.\" >&2\n    exit 1\nfi\n# This output is used by Xcode 'outputs' to avoid re-running this script phase.\necho \"SUCCESS\" > \"${SCRIPT_OUTPUT_FILE_0}\"\n";
			showEnvVarsInLog = 0;
		};
		E7666E2D3CCDAF7657239829 /* [CP] Check Pods Manifest.lock */ = {
			isa = PBXShellScriptBuildPhase;
			buildActionMask = 2147483647;
			files = (
			);
			inputFileListPaths = (
			);
			inputPaths = (
				"${PODS_PODFILE_DIR_PATH}/Podfile.lock",
				"${PODS_ROOT}/Manifest.lock",
			);
			name = "[CP] Check Pods Manifest.lock";
			outputFileListPaths = (
			);
			outputPaths = (
				"$(DERIVED_FILE_DIR)/Pods-CuBidSDKSampleTests-checkManifestLockResult.txt",
			);
			runOnlyForDeploymentPostprocessing = 0;
			shellPath = /bin/sh;
			shellScript = "diff \"${PODS_PODFILE_DIR_PATH}/Podfile.lock\" \"${PODS_ROOT}/Manifest.lock\" > /dev/null\nif [ $? != 0 ] ; then\n    # print error to STDERR\n    echo \"error: The sandbox is not in sync with the Podfile.lock. Run 'pod install' or update your CocoaPods installation.\" >&2\n    exit 1\nfi\n# This output is used by Xcode 'outputs' to avoid re-running this script phase.\necho \"SUCCESS\" > \"${SCRIPT_OUTPUT_FILE_0}\"\n";
			showEnvVarsInLog = 0;
		};
		EE47AF59AD32AF547A10BE63 /* [CP] Embed Pods Frameworks */ = {
			isa = PBXShellScriptBuildPhase;
			buildActionMask = 2147483647;
			files = (
			);
			inputFileListPaths = (
				"${PODS_ROOT}/Target Support Files/Pods-CuBidSDKSample-CuBidSDKSampleUITests/Pods-CuBidSDKSample-CuBidSDKSampleUITests-frameworks-${CONFIGURATION}-input-files.xcfilelist",
			);
			name = "[CP] Embed Pods Frameworks";
			outputFileListPaths = (
				"${PODS_ROOT}/Target Support Files/Pods-CuBidSDKSample-CuBidSDKSampleUITests/Pods-CuBidSDKSample-CuBidSDKSampleUITests-frameworks-${CONFIGURATION}-output-files.xcfilelist",
			);
			runOnlyForDeploymentPostprocessing = 0;
			shellPath = /bin/sh;
			shellScript = "\"${PODS_ROOT}/Target Support Files/Pods-CuBidSDKSample-CuBidSDKSampleUITests/Pods-CuBidSDKSample-CuBidSDKSampleUITests-frameworks.sh\"\n";
			showEnvVarsInLog = 0;
		};
/* End PBXShellScriptBuildPhase section */

/* Begin PBXSourcesBuildPhase section */
		594E7EDE2E853A5700765686 /* Sources */ = {
			isa = PBXSourcesBuildPhase;
			buildActionMask = 2147483647;
			files = (
			);
			runOnlyForDeploymentPostprocessing = 0;
		};
		594E7EF42E853A5800765686 /* Sources */ = {
			isa = PBXSourcesBuildPhase;
			buildActionMask = 2147483647;
			files = (
			);
			runOnlyForDeploymentPostprocessing = 0;
		};
		594E7EFE2E853A5800765686 /* Sources */ = {
			isa = PBXSourcesBuildPhase;
			buildActionMask = 2147483647;
			files = (
			);
			runOnlyForDeploymentPostprocessing = 0;
		};
/* End PBXSourcesBuildPhase section */

/* Begin PBXTargetDependency section */
		594E7EFA2E853A5800765686 /* PBXTargetDependency */ = {
			isa = PBXTargetDependency;
			target = 594E7EE12E853A5700765686 /* CuBidSDKSample */;
			targetProxy = 594E7EF92E853A5800765686 /* PBXContainerItemProxy */;
		};
		594E7F042E853A5800765686 /* PBXTargetDependency */ = {
			isa = PBXTargetDependency;
			target = 594E7EE12E853A5700765686 /* CuBidSDKSample */;
			targetProxy = 594E7F032E853A5800765686 /* PBXContainerItemProxy */;
		};
/* End PBXTargetDependency section */

/* Begin XCBuildConfiguration section */
		594E7F0C2E853A5800765686 /* Debug */ = {
			isa = XCBuildConfiguration;
			baseConfigurationReference = CBE77D21CC5F2CF71151D0A9 /* Pods-CuBidSDKSample.debug.xcconfig */;
			buildSettings = {
				ASSETCATALOG_COMPILER_APPICON_NAME = AppIcon;
				ASSETCATALOG_COMPILER_GLOBAL_ACCENT_COLOR_NAME = AccentColor;
				CODE_SIGN_STYLE = Automatic;
				CURRENT_PROJECT_VERSION = 3;
				DEVELOPMENT_TEAM = L93V5H6A4M;
				ENABLE_USER_SCRIPT_SANDBOXING = NO;
				GENERATE_INFOPLIST_FILE = YES;
				INFOPLIST_FILE = CuBidSDKSample/Info.plist;
				INFOPLIST_KEY_NSUserTrackingUsageDescription = "서비스 품질 향상과 맞춤형 콘텐츠 제공을 위해 사용자의 기기 정보를 활용합니다.";
				INFOPLIST_KEY_UIApplicationSupportsIndirectInputEvents = YES;
				INFOPLIST_KEY_UILaunchStoryboardName = LaunchScreen;
				INFOPLIST_KEY_UIMainStoryboardFile = Main;
				INFOPLIST_KEY_UISupportedInterfaceOrientations_iPad = "UIInterfaceOrientationPortrait UIInterfaceOrientationPortraitUpsideDown UIInterfaceOrientationLandscapeLeft UIInterfaceOrientationLandscapeRight";
				INFOPLIST_KEY_UISupportedInterfaceOrientations_iPhone = "UIInterfaceOrientationPortrait UIInterfaceOrientationLandscapeLeft UIInterfaceOrientationLandscapeRight";
				IPHONEOS_DEPLOYMENT_TARGET = 15;
				LD_RUNPATH_SEARCH_PATHS = (
					"$(inherited)",
					"@executable_path/Frameworks",
				);
				MARKETING_VERSION = 2.0;
				OTHER_LDFLAGS = "-ObjC";
				PRODUCT_BUNDLE_IDENTIFIER = adforus.CuBidSDKSample;
				PRODUCT_NAME = "$(TARGET_NAME)";
				SUPPORTED_PLATFORMS = "iphoneos iphonesimulator";
				SUPPORTS_MACCATALYST = NO;
				SUPPORTS_MAC_DESIGNED_FOR_IPHONE_IPAD = NO;
				SUPPORTS_XR_DESIGNED_FOR_IPHONE_IPAD = NO;
				SWIFT_EMIT_LOC_STRINGS = YES;
				SWIFT_VERSION = 5.0;
				TARGETED_DEVICE_FAMILY = "1,2";
			};
			name = Debug;
		};
		594E7F0D2E853A5800765686 /* Release */ = {
			isa = XCBuildConfiguration;
			baseConfigurationReference = 6EAD188DE2CFB37894B66199 /* Pods-CuBidSDKSample.release.xcconfig */;
			buildSettings = {
				ASSETCATALOG_COMPILER_APPICON_NAME = AppIcon;
				ASSETCATALOG_COMPILER_GLOBAL_ACCENT_COLOR_NAME = AccentColor;
				CODE_SIGN_STYLE = Automatic;
				CURRENT_PROJECT_VERSION = 3;
				DEVELOPMENT_TEAM = L93V5H6A4M;
				ENABLE_USER_SCRIPT_SANDBOXING = NO;
				GENERATE_INFOPLIST_FILE = YES;
				INFOPLIST_FILE = CuBidSDKSample/Info.plist;
				INFOPLIST_KEY_NSUserTrackingUsageDescription = "서비스 품질 향상과 맞춤형 콘텐츠 제공을 위해 사용자의 기기 정보를 활용합니다.";
				INFOPLIST_KEY_UIApplicationSupportsIndirectInputEvents = YES;
				INFOPLIST_KEY_UILaunchStoryboardName = LaunchScreen;
				INFOPLIST_KEY_UIMainStoryboardFile = Main;
				INFOPLIST_KEY_UISupportedInterfaceOrientations_iPad = "UIInterfaceOrientationPortrait UIInterfaceOrientationPortraitUpsideDown UIInterfaceOrientationLandscapeLeft UIInterfaceOrientationLandscapeRight";
				INFOPLIST_KEY_UISupportedInterfaceOrientations_iPhone = "UIInterfaceOrientationPortrait UIInterfaceOrientationLandscapeLeft UIInterfaceOrientationLandscapeRight";
				IPHONEOS_DEPLOYMENT_TARGET = 15;
				LD_RUNPATH_SEARCH_PATHS = (
					"$(inherited)",
					"@executable_path/Frameworks",
				);
				MARKETING_VERSION = 2.0;
				OTHER_LDFLAGS = "-ObjC";
				PRODUCT_BUNDLE_IDENTIFIER = cubid.adforus.com.dev;
				PRODUCT_NAME = "$(TARGET_NAME)";
				SUPPORTED_PLATFORMS = "iphoneos iphonesimulator";
				SUPPORTS_MACCATALYST = NO;
				SUPPORTS_MAC_DESIGNED_FOR_IPHONE_IPAD = NO;
				SUPPORTS_XR_DESIGNED_FOR_IPHONE_IPAD = NO;
				SWIFT_EMIT_LOC_STRINGS = YES;
				SWIFT_VERSION = 5.0;
				TARGETED_DEVICE_FAMILY = "1,2";
			};
			name = Release;
		};
		594E7F0E2E853A5800765686 /* Debug */ = {
			isa = XCBuildConfiguration;
			buildSettings = {
				ALWAYS_SEARCH_USER_PATHS = NO;
				ASSETCATALOG_COMPILER_GENERATE_SWIFT_ASSET_SYMBOL_EXTENSIONS = YES;
				CLANG_ANALYZER_NONNULL = YES;
				CLANG_ANALYZER_NUMBER_OBJECT_CONVERSION = YES_AGGRESSIVE;
				CLANG_CXX_LANGUAGE_STANDARD = "gnu++20";
				CLANG_ENABLE_MODULES = YES;
				CLANG_ENABLE_OBJC_ARC = YES;
				CLANG_ENABLE_OBJC_WEAK = YES;
				CLANG_WARN_BLOCK_CAPTURE_AUTORELEASING = YES;
				CLANG_WARN_BOOL_CONVERSION = YES;
				CLANG_WARN_COMMA = YES;
				CLANG_WARN_CONSTANT_CONVERSION = YES;
				CLANG_WARN_DEPRECATED_OBJC_IMPLEMENTATIONS = YES;
				CLANG_WARN_DIRECT_OBJC_ISA_USAGE = YES_ERROR;
				CLANG_WARN_DOCUMENTATION_COMMENTS = YES;
				CLANG_WARN_EMPTY_BODY = YES;
				CLANG_WARN_ENUM_CONVERSION = YES;
				CLANG_WARN_INFINITE_RECURSION = YES;
				CLANG_WARN_INT_CONVERSION = YES;
				CLANG_WARN_NON_LITERAL_NULL_CONVERSION = YES;
				CLANG_WARN_OBJC_IMPLICIT_RETAIN_SELF = YES;
				CLANG_WARN_OBJC_LITERAL_CONVERSION = YES;
				CLANG_WARN_OBJC_ROOT_CLASS = YES_ERROR;
				CLANG_WARN_QUOTED_INCLUDE_IN_FRAMEWORK_HEADER = YES;
				CLANG_WARN_RANGE_LOOP_ANALYSIS = YES;
				CLANG_WARN_STRICT_PROTOTYPES = YES;
				CLANG_WARN_SUSPICIOUS_MOVE = YES;
				CLANG_WARN_UNGUARDED_AVAILABILITY = YES_AGGRESSIVE;
				CLANG_WARN_UNREACHABLE_CODE = YES;
				CLANG_WARN__DUPLICATE_METHOD_MATCH = YES;
				COPY_PHASE_STRIP = NO;
				DEBUG_INFORMATION_FORMAT = dwarf;
				ENABLE_STRICT_OBJC_MSGSEND = YES;
				ENABLE_TESTABILITY = YES;
				ENABLE_USER_SCRIPT_SANDBOXING = YES;
				GCC_C_LANGUAGE_STANDARD = gnu17;
				GCC_DYNAMIC_NO_PIC = NO;
				GCC_NO_COMMON_BLOCKS = YES;
				GCC_OPTIMIZATION_LEVEL = 0;
				GCC_PREPROCESSOR_DEFINITIONS = (
					"DEBUG=1",
					"$(inherited)",
				);
				GCC_WARN_64_TO_32_BIT_CONVERSION = YES;
				GCC_WARN_ABOUT_RETURN_TYPE = YES_ERROR;
				GCC_WARN_UNDECLARED_SELECTOR = YES;
				GCC_WARN_UNINITIALIZED_AUTOS = YES_AGGRESSIVE;
				GCC_WARN_UNUSED_FUNCTION = YES;
				GCC_WARN_UNUSED_VARIABLE = YES;
				IPHONEOS_DEPLOYMENT_TARGET = 18.2;
				LOCALIZATION_PREFERS_STRING_CATALOGS = YES;
				MTL_ENABLE_DEBUG_INFO = INCLUDE_SOURCE;
				MTL_FAST_MATH = YES;
				ONLY_ACTIVE_ARCH = YES;
				OTHER_LDFLAGS = "";
				SDKROOT = iphoneos;
				SWIFT_ACTIVE_COMPILATION_CONDITIONS = "DEBUG $(inherited)";
				SWIFT_OPTIMIZATION_LEVEL = "-Onone";
			};
			name = Debug;
		};
		594E7F0F2E853A5800765686 /* Release */ = {
			isa = XCBuildConfiguration;
			buildSettings = {
				ALWAYS_SEARCH_USER_PATHS = NO;
				ASSETCATALOG_COMPILER_GENERATE_SWIFT_ASSET_SYMBOL_EXTENSIONS = YES;
				CLANG_ANALYZER_NONNULL = YES;
				CLANG_ANALYZER_NUMBER_OBJECT_CONVERSION = YES_AGGRESSIVE;
				CLANG_CXX_LANGUAGE_STANDARD = "gnu++20";
				CLANG_ENABLE_MODULES = YES;
				CLANG_ENABLE_OBJC_ARC = YES;
				CLANG_ENABLE_OBJC_WEAK = YES;
				CLANG_WARN_BLOCK_CAPTURE_AUTORELEASING = YES;
				CLANG_WARN_BOOL_CONVERSION = YES;
				CLANG_WARN_COMMA = YES;
				CLANG_WARN_CONSTANT_CONVERSION = YES;
				CLANG_WARN_DEPRECATED_OBJC_IMPLEMENTATIONS = YES;
				CLANG_WARN_DIRECT_OBJC_ISA_USAGE = YES_ERROR;
				CLANG_WARN_DOCUMENTATION_COMMENTS = YES;
				CLANG_WARN_EMPTY_BODY = YES;
				CLANG_WARN_ENUM_CONVERSION = YES;
				CLANG_WARN_INFINITE_RECURSION = YES;
				CLANG_WARN_INT_CONVERSION = YES;
				CLANG_WARN_NON_LITERAL_NULL_CONVERSION = YES;
				CLANG_WARN_OBJC_IMPLICIT_RETAIN_SELF = YES;
				CLANG_WARN_OBJC_LITERAL_CONVERSION = YES;
				CLANG_WARN_OBJC_ROOT_CLASS = YES_ERROR;
				CLANG_WARN_QUOTED_INCLUDE_IN_FRAMEWORK_HEADER = YES;
				CLANG_WARN_RANGE_LOOP_ANALYSIS = YES;
				CLANG_WARN_STRICT_PROTOTYPES = YES;
				CLANG_WARN_SUSPICIOUS_MOVE = YES;
				CLANG_WARN_UNGUARDED_AVAILABILITY = YES_AGGRESSIVE;
				CLANG_WARN_UNREACHABLE_CODE = YES;
				CLANG_WARN__DUPLICATE_METHOD_MATCH = YES;
				COPY_PHASE_STRIP = NO;
				DEBUG_INFORMATION_FORMAT = "dwarf-with-dsym";
				ENABLE_NS_ASSERTIONS = NO;
				ENABLE_STRICT_OBJC_MSGSEND = YES;
				ENABLE_USER_SCRIPT_SANDBOXING = YES;
				GCC_C_LANGUAGE_STANDARD = gnu17;
				GCC_NO_COMMON_BLOCKS = YES;
				GCC_WARN_64_TO_32_BIT_CONVERSION = YES;
				GCC_WARN_ABOUT_RETURN_TYPE = YES_ERROR;
				GCC_WARN_UNDECLARED_SELECTOR = YES;
				GCC_WARN_UNINITIALIZED_AUTOS = YES_AGGRESSIVE;
				GCC_WARN_UNUSED_FUNCTION = YES;
				GCC_WARN_UNUSED_VARIABLE = YES;
				IPHONEOS_DEPLOYMENT_TARGET = 18.2;
				LOCALIZATION_PREFERS_STRING_CATALOGS = YES;
				MTL_ENABLE_DEBUG_INFO = NO;
				MTL_FAST_MATH = YES;
				OTHER_LDFLAGS = "$(inherited)";
				SDKROOT = iphoneos;
				SWIFT_COMPILATION_MODE = wholemodule;
				VALIDATE_PRODUCT = YES;
			};
			name = Release;
		};
		594E7F112E853A5800765686 /* Debug */ = {
			isa = XCBuildConfiguration;
			baseConfigurationReference = C845649D520C84699158EE5B /* Pods-CuBidSDKSampleTests.debug.xcconfig */;
			buildSettings = {
				BUNDLE_LOADER = "$(TEST_HOST)";
				CODE_SIGN_STYLE = Automatic;
				CURRENT_PROJECT_VERSION = 1;
				DEVELOPMENT_TEAM = L93V5H6A4M;
				GENERATE_INFOPLIST_FILE = YES;
				IPHONEOS_DEPLOYMENT_TARGET = 18.2;
				MARKETING_VERSION = 1.0;
				PRODUCT_BUNDLE_IDENTIFIER = adforus.CuBidSDKSampleTests;
				PRODUCT_NAME = "$(TARGET_NAME)";
				SWIFT_EMIT_LOC_STRINGS = NO;
				SWIFT_VERSION = 5.0;
				TARGETED_DEVICE_FAMILY = "1,2";
				TEST_HOST = "$(BUILT_PRODUCTS_DIR)/CuBidSDKSample.app/$(BUNDLE_EXECUTABLE_FOLDER_PATH)/CuBidSDKSample";
			};
			name = Debug;
		};
		594E7F122E853A5800765686 /* Release */ = {
			isa = XCBuildConfiguration;
			baseConfigurationReference = F974E579BD8C9005A626EF90 /* Pods-CuBidSDKSampleTests.release.xcconfig */;
			buildSettings = {
				BUNDLE_LOADER = "$(TEST_HOST)";
				CODE_SIGN_STYLE = Automatic;
				CURRENT_PROJECT_VERSION = 1;
				DEVELOPMENT_TEAM = L93V5H6A4M;
				GENERATE_INFOPLIST_FILE = YES;
				IPHONEOS_DEPLOYMENT_TARGET = 18.2;
				MARKETING_VERSION = 1.0;
				PRODUCT_BUNDLE_IDENTIFIER = adforus.CuBidSDKSampleTests;
				PRODUCT_NAME = "$(TARGET_NAME)";
				SWIFT_EMIT_LOC_STRINGS = NO;
				SWIFT_VERSION = 5.0;
				TARGETED_DEVICE_FAMILY = "1,2";
				TEST_HOST = "$(BUILT_PRODUCTS_DIR)/CuBidSDKSample.app/$(BUNDLE_EXECUTABLE_FOLDER_PATH)/CuBidSDKSample";
			};
			name = Release;
		};
		594E7F142E853A5800765686 /* Debug */ = {
			isa = XCBuildConfiguration;
			baseConfigurationReference = 5E88465EF0683829A9C28B11 /* Pods-CuBidSDKSample-CuBidSDKSampleUITests.debug.xcconfig */;
			buildSettings = {
				CODE_SIGN_STYLE = Automatic;
				CURRENT_PROJECT_VERSION = 1;
				DEVELOPMENT_TEAM = L93V5H6A4M;
				GENERATE_INFOPLIST_FILE = YES;
				MARKETING_VERSION = 1.0;
				PRODUCT_BUNDLE_IDENTIFIER = adforus.CuBidSDKSampleUITests;
				PRODUCT_NAME = "$(TARGET_NAME)";
				SWIFT_EMIT_LOC_STRINGS = NO;
				SWIFT_VERSION = 5.0;
				TARGETED_DEVICE_FAMILY = "1,2";
				TEST_TARGET_NAME = CuBidSDKSample;
			};
			name = Debug;
		};
		594E7F152E853A5800765686 /* Release */ = {
			isa = XCBuildConfiguration;
			baseConfigurationReference = F617BD156EA0330A7182AC2C /* Pods-CuBidSDKSample-CuBidSDKSampleUITests.release.xcconfig */;
			buildSettings = {
				CODE_SIGN_STYLE = Automatic;
				CURRENT_PROJECT_VERSION = 1;
				DEVELOPMENT_TEAM = L93V5H6A4M;
				GENERATE_INFOPLIST_FILE = YES;
				MARKETING_VERSION = 1.0;
				PRODUCT_BUNDLE_IDENTIFIER = adforus.CuBidSDKSampleUITests;
				PRODUCT_NAME = "$(TARGET_NAME)";
				SWIFT_EMIT_LOC_STRINGS = NO;
				SWIFT_VERSION = 5.0;
				TARGETED_DEVICE_FAMILY = "1,2";
				TEST_TARGET_NAME = CuBidSDKSample;
			};
			name = Release;
		};
/* End XCBuildConfiguration section */

/* Begin XCConfigurationList section */
		594E7EDD2E853A5700765686 /* Build configuration list for PBXProject "CuBidSDKSample" */ = {
			isa = XCConfigurationList;
			buildConfigurations = (
				594E7F0E2E853A5800765686 /* Debug */,
				594E7F0F2E853A5800765686 /* Release */,
			);
			defaultConfigurationIsVisible = 0;
			defaultConfigurationName = Release;
		};
		594E7F0B2E853A5800765686 /* Build configuration list for PBXNativeTarget "CuBidSDKSample" */ = {
			isa = XCConfigurationList;
			buildConfigurations = (
				594E7F0C2E853A5800765686 /* Debug */,
				594E7F0D2E853A5800765686 /* Release */,
			);
			defaultConfigurationIsVisible = 0;
			defaultConfigurationName = Release;
		};
		594E7F102E853A5800765686 /* Build configuration list for PBXNativeTarget "CuBidSDKSampleTests" */ = {
			isa = XCConfigurationList;
			buildConfigurations = (
				594E7F112E853A5800765686 /* Debug */,
				594E7F122E853A5800765686 /* Release */,
			);
			defaultConfigurationIsVisible = 0;
			defaultConfigurationName = Release;
		};
		594E7F132E853A5800765686 /* Build configuration list for PBXNativeTarget "CuBidSDKSampleUITests" */ = {
			isa = XCConfigurationList;
			buildConfigurations = (
				594E7F142E853A5800765686 /* Debug */,
				594E7F152E853A5800765686 /* Release */,
			);
			defaultConfigurationIsVisible = 0;
			defaultConfigurationName = Release;
		};
/* End XCConfigurationList section */

/* Begin XCRemoteSwiftPackageReference section */
		59B7CAB130453B920085262D /* XCRemoteSwiftPackageReference "cubid-mediation-admob-ios-sdk-spm" */ = {
			isa = XCRemoteSwiftPackageReference;
			repositoryURL = "https://github.com/rnd-adforus/cubid-mediation-admob-ios-sdk-spm.git";
			requirement = {
				kind = upToNextMajorVersion;
				minimumVersion = 2.6.3;
			};
		};
		59B7CAB430453BBF0085262D /* XCRemoteSwiftPackageReference "cubid-mediation-cubex-ios-sdk-spm" */ = {
			isa = XCRemoteSwiftPackageReference;
			repositoryURL = "https://github.com/rnd-adforus/cubid-mediation-cubex-ios-sdk-spm.git";
			requirement = {
				kind = upToNextMajorVersion;
				minimumVersion = 1.1.2;
			};
		};
		59B7CAB730453BEC0085262D /* XCRemoteSwiftPackageReference "cubid-mediation-pangle-ios-sdk-spm" */ = {
			isa = XCRemoteSwiftPackageReference;
			repositoryURL = "https://github.com/rnd-adforus/cubid-mediation-pangle-ios-sdk-spm.git";
			requirement = {
				kind = upToNextMajorVersion;
				minimumVersion = 1.6.2;
			};
		};
		59B7CABC30453C8C0085262D /* XCRemoteSwiftPackageReference "cubid-mediation-applovin-ios-sdk-spm" */ = {
			isa = XCRemoteSwiftPackageReference;
			repositoryURL = "https://github.com/rnd-adforus/cubid-mediation-applovin-ios-sdk-spm.git";
			requirement = {
				kind = upToNextMajorVersion;
				minimumVersion = 1.0.2;
			};
		};
		59B7CAC130453D280085262D /* XCRemoteSwiftPackageReference "cubid-ios-sdk-spm" */ = {
			isa = XCRemoteSwiftPackageReference;
			repositoryURL = "https://github.com/rnd-adforus/cubid-ios-sdk-spm";
			requirement = {
				kind = upToNextMajorVersion;
				minimumVersion = 1.2.1;
			};
		};
/* End XCRemoteSwiftPackageReference section */

/* Begin XCSwiftPackageProductDependency section */
		592207C73041D080000D10E5 /* CubeXKit */ = {
			isa = XCSwiftPackageProductDependency;
			productName = CubeXKit;
		};
		5953C24930453080003B9E40 /* Admob-Mediation-Applovin */ = {
			isa = XCSwiftPackageProductDependency;
			productName = "Admob-Mediation-Applovin";
		};
		5953C24B30453080003B9E40 /* UALKit */ = {
			isa = XCSwiftPackageProductDependency;
			productName = UALKit;
		};
		59B7CAB230453B920085262D /* UAdKit */ = {
			isa = XCSwiftPackageProductDependency;
			package = 59B7CAB130453B920085262D /* XCRemoteSwiftPackageReference "cubid-mediation-admob-ios-sdk-spm" */;
			productName = UAdKit;
		};
		59B7CAB530453BBF0085262D /* CubeXKit */ = {
			isa = XCSwiftPackageProductDependency;
			package = 59B7CAB430453BBF0085262D /* XCRemoteSwiftPackageReference "cubid-mediation-cubex-ios-sdk-spm" */;
			productName = CubeXKit;
		};
		59B7CAB830453BEC0085262D /* Admob-Mediation-Pangle */ = {
			isa = XCSwiftPackageProductDependency;
			package = 59B7CAB730453BEC0085262D /* XCRemoteSwiftPackageReference "cubid-mediation-pangle-ios-sdk-spm" */;
			productName = "Admob-Mediation-Pangle";
		};
		59B7CABA30453BEC0085262D /* UPanKit */ = {
			isa = XCSwiftPackageProductDependency;
			package = 59B7CAB730453BEC0085262D /* XCRemoteSwiftPackageReference "cubid-mediation-pangle-ios-sdk-spm" */;
			productName = UPanKit;
		};
		59B7CABD30453C8C0085262D /* Admob-Mediation-Applovin */ = {
			isa = XCSwiftPackageProductDependency;
			package = 59B7CABC30453C8C0085262D /* XCRemoteSwiftPackageReference "cubid-mediation-applovin-ios-sdk-spm" */;
			productName = "Admob-Mediation-Applovin";
		};
		59B7CABF30453C8C0085262D /* UALKit */ = {
			isa = XCSwiftPackageProductDependency;
			package = 59B7CABC30453C8C0085262D /* XCRemoteSwiftPackageReference "cubid-mediation-applovin-ios-sdk-spm" */;
			productName = UALKit;
		};
		59B7CAC230453D280085262D /* CuBidKit */ = {
			isa = XCSwiftPackageProductDependency;
			package = 59B7CAC130453D280085262D /* XCRemoteSwiftPackageReference "cubid-ios-sdk-spm" */;
			productName = CuBidKit;
		};
		59CF352C304532940059BD36 /* Admob-Mediation-Applovin */ = {
			isa = XCSwiftPackageProductDependency;
			productName = "Admob-Mediation-Applovin";
		};
		59CF352E304532940059BD36 /* UALKit */ = {
			isa = XCSwiftPackageProductDependency;
			productName = UALKit;
		};
		59CF3531304532AB0059BD36 /* CuBidKit */ = {
			isa = XCSwiftPackageProductDependency;
			productName = CuBidKit;
		};
		59CF3534304532C00059BD36 /* UAdKit */ = {
			isa = XCSwiftPackageProductDependency;
			productName = UAdKit;
		};
		59CF3537304532DC0059BD36 /* Admob-Mediation-Pangle */ = {
			isa = XCSwiftPackageProductDependency;
			productName = "Admob-Mediation-Pangle";
		};
		59CF3539304532DC0059BD36 /* UPanKit */ = {
			isa = XCSwiftPackageProductDependency;
			productName = UPanKit;
		};
		59FFD3A63041D47B00C89323 /* CuBidKit */ = {
			isa = XCSwiftPackageProductDependency;
			productName = CuBidKit;
		};
		59FFD3A93041D5FE00C89323 /* Admob-Mediation-Pangle */ = {
			isa = XCSwiftPackageProductDependency;
			productName = "Admob-Mediation-Pangle";
		};
		59FFD3AB3041D5FE00C89323 /* UPanKit */ = {
			isa = XCSwiftPackageProductDependency;
			productName = UPanKit;
		};
		59FFD3AE3041D61E00C89323 /* UAdKit */ = {
			isa = XCSwiftPackageProductDependency;
			productName = UAdKit;
		};
		59FFD3B13041D63C00C89323 /* Admob-Mediation-Applovin */ = {
			isa = XCSwiftPackageProductDependency;
			productName = "Admob-Mediation-Applovin";
		};
		59FFD3B33041D63C00C89323 /* UALKit */ = {
			isa = XCSwiftPackageProductDependency;
			productName = UALKit;
		};
/* End XCSwiftPackageProductDependency section */
	};
	rootObject = 594E7EDA2E853A5700765686 /* Project object */;
}
